
Microsoft Visual Studio Solution File, Format Version 12.00
# Visual Studio Version 17
VisualStudioVersion = 17.2.32516.85
MinimumVisualStudioVersion = 10.0.40219.1
Project("{9A19103F-16F7-4668-BE54-9A1E7A4F7556}") = "TodoList.Api", "TodoList.Api\TodoList.Api.csproj", "{065CE954-2618-4A24-A613-9C336C2154C6}"
EndProject
Project("{9A19103F-16F7-4668-BE54-9A1E7A4F7556}") = "TodoList.UnitTests", "TodoList.UnitTests\TodoList.UnitTests.csproj", "{2BBBFEED-85B6-4361-85B2-F9E08C86C55B}"
EndProject
Project("{2150E333-8FDC-42A3-9474-1A3956D46DE8}") = "src", "src", "{417E2611-C7E3-4765-8271-FB57C7439E76}"
EndProject
Project("{2150E333-8FDC-42A3-9474-1A3956D46DE8}") = "tests", "tests", "{724C2A8F-1438-493D-A9A5-3591D2CEBB1C}"
EndProject
Project("{9A19103F-16F7-4668-BE54-9A1E7A4F7556}") = "TodoList.Infrastructure", "TodoList.Infrastructure\TodoList.Infrastructure.csproj", "{A647FF5E-BE94-4BC9-88ED-0CF76E341BCC}"
EndProject
Project("{9A19103F-16F7-4668-BE54-9A1E7A4F7556}") = "TodoList.Service", "TodoList.Service\TodoList.Service.csproj", "{7FDF2BE6-CB2A-4640-8E4F-3D85C80CF9C3}"
EndProject
Project("{FAE04EC0-301F-11D3-BF4B-00C04F79EFBC}") = "TodoList.Common", "TodoList.Common\TodoList.Common.csproj", "{A278DA90-3BAB-42D2-AEE4-B851C8B92C89}"
EndProject
Global
	GlobalSection(SolutionConfigurationPlatforms) = preSolution
		Debug|Any CPU = Debug|Any CPU
		Release|Any CPU = Release|Any CPU
	EndGlobalSection
	GlobalSection(ProjectConfigurationPlatforms) = postSolution
		{065CE954-2618-4A24-A613-9C336C2154C6}.Debug|Any CPU.ActiveCfg = Debug|Any CPU
		{065CE954-2618-4A24-A613-9C336C2154C6}.Debug|Any CPU.Build.0 = Debug|Any CPU
		{065CE954-2618-4A24-A613-9C336C2154C6}.Release|Any CPU.ActiveCfg = Release|Any CPU
		{065CE954-2618-4A24-A613-9C336C2154C6}.Release|Any CPU.Build.0 = Release|Any CPU
		{2BBBFEED-85B6-4361-85B2-F9E08C86C55B}.Debug|Any CPU.ActiveCfg = Debug|Any CPU
		{2BBBFEED-85B6-4361-85B2-F9E08C86C55B}.Debug|Any CPU.Build.0 = Debug|Any CPU
		{2BBBFEED-85B6-4361-85B2-F9E08C86C55B}.Release|Any CPU.ActiveCfg = Release|Any CPU
		{2BBBFEED-85B6-4361-85B2-F9E08C86C55B}.Release|Any CPU.Build.0 = Release|Any CPU
		{A647FF5E-BE94-4BC9-88ED-0CF76E341BCC}.Debug|Any CPU.ActiveCfg = Debug|Any CPU
		{A647FF5E-BE94-4BC9-88ED-0CF76E341BCC}.Debug|Any CPU.Build.0 = Debug|Any CPU
		{A647FF5E-BE94-4BC9-88ED-0CF76E341BCC}.Release|Any CPU.ActiveCfg = Release|Any CPU
		{A647FF5E-BE94-4BC9-88ED-0CF76E341BCC}.Release|Any CPU.Build.0 = Release|Any CPU
		{7FDF2BE6-CB2A-4640-8E4F-3D85C80CF9C3}.Debug|Any CPU.ActiveCfg = Debug|Any CPU
		{7FDF2BE6-CB2A-4640-8E4F-3D85C80CF9C3}.Debug|Any CPU.Build.0 = Debug|Any CPU
		{7FDF2BE6-CB2A-4640-8E4F-3D85C80CF9C3}.Release|Any CPU.ActiveCfg = Release|Any CPU
		{7FDF2BE6-CB2A-4640-8E4F-3D85C80CF9C3}.Release|Any CPU.Build.0 = Release|Any CPU
		{A278DA90-3BAB-42D2-AEE4-B851C8B92C89}.Debug|Any CPU.ActiveCfg = Debug|Any CPU
		{A278DA90-3BAB-42D2-AEE4-B851C8B92C89}.Debug|Any CPU.Build.0 = Debug|Any CPU
		{A278DA90-3BAB-42D2-AEE4-B851C8B92C89}.Release|Any CPU.ActiveCfg = Release|Any CPU
		{A278DA90-3BAB-42D2-AEE4-B851C8B92C89}.Release|Any CPU.Build.0 = Release|Any CPU
	EndGlobalSection
	GlobalSection(SolutionProperties) = preSolution
		HideSolutionNode = FALSE
	EndGlobalSection
	GlobalSection(NestedProjects) = preSolution
		{065CE954-2618-4A24-A613-9C336C2154C6} = {417E2611-C7E3-4765-8271-FB57C7439E76}
		{2BBBFEED-85B6-4361-85B2-F9E08C86C55B} = {724C2A8F-1438-493D-A9A5-3591D2CEBB1C}
		{A647FF5E-BE94-4BC9-88ED-0CF76E341BCC} = {417E2611-C7E3-4765-8271-FB57C7439E76}
		{7FDF2BE6-CB2A-4640-8E4F-3D85C80CF9C3} = {417E2611-C7E3-4765-8271-FB57C7439E76}
		{A278DA90-3BAB-42D2-AEE4-B851C8B92C89} = {417E2611-C7E3-4765-8271-FB57C7439E76}
	EndGlobalSection
	GlobalSection(ExtensibilityGlobals) = postSolution
		SolutionGuid = {061F7879-5D14-4C5E-A4A9-782C6FEB1132}
	EndGlobalSection
EndGlobal
